lockfileVersion: '9.0'

settings:
  autoInstallPeers: true
  excludeLinksFromLockfile: false

importers:

  .:
    devDependencies:
      oxlint:
        specifier: 1.12.0
        version: 1.12.0
      prettier:
        specifier: 3.6.2
        version: 3.6.2
      prettier-plugin-astro:
        specifier: 0.14.1
        version: 0.14.1
      prettier-plugin-tailwindcss:
        specifier: 0.6.14
        version: 0.6.14(prettier-plugin-astro@0.14.1)(prettier@3.6.2)

packages:

  '@astrojs/compiler@2.12.2':
    resolution: {integrity: sha512-w2zfvhjNCkNMmMMOn5b0J8+OmUaBL1o40ipMvqcG6NRpdC+lKxmTi48DT8Xw0SzJ3AfmeFLB45zXZXtmbsjcgw==}

  '@oxlint-tsgolint/darwin-arm64@0.0.4':
    resolution: {integrity: sha512-qL0zqIYdYrXl6ghTIHnhJkvyYy1eKz0P8YIEp59MjY3/zNiyk/gtyp8LkwZdqb9ezbcX9UDQhSuSO1wURJsq8g==}
    cpu: [arm64]
    os: [darwin]

  '@oxlint-tsgolint/darwin-x64@0.0.4':
    resolution: {integrity: sha512-c3nSjqmDSKzemChAEUv/zy2e9cwgkkO/7rz4Y447+8pSbeZNHi3RrNpVHdrKL/Qep4pt6nFZE+6PoczZxHNQjg==}
    cpu: [x64]
    os: [darwin]

  '@oxlint-tsgolint/linux-arm64@0.0.4':
    resolution: {integrity: sha512-P2BA54c/Ej5AGkChH1/7zMd6PwZfa+jnw8juB/JWops+BX+lbhbbBHz0cYduDBgWYjRo4e3OVJOTskqcpuMfNw==}
    cpu: [arm64]
    os: [linux]

  '@oxlint-tsgolint/linux-x64@0.0.4':
    resolution: {integrity: sha512-hbgLpnDNicPrbHOAQ9nNfLOSrUrdWANP/umR7P/cwCc1sv66eEs7bm4G3mrhRU8aXFBJmbhdNqiDSUkYYvHWJQ==}
    cpu: [x64]
    os: [linux]

  '@oxlint-tsgolint/win32-arm64@0.0.4':
    resolution: {integrity: sha512-ozKEppmwZhC5LMedClBEat6cXgBGUvxGOgsKK2ZZNE6zSScX7QbvJAOt3nWMGs8GQshHy/6ndMB33+uRloglQA==}
    cpu: [arm64]
    os: [win32]

  '@oxlint-tsgolint/win32-x64@0.0.4':
    resolution: {integrity: sha512-gLfx+qogW21QcaRKFg6ARgra7tSPqyn+Ems3FgTUyxV4OpJYn7KsQroygxOWElqv6JUobtvHBrxdB6YhlvERbQ==}
    cpu: [x64]
    os: [win32]

  '@oxlint/darwin-arm64@1.12.0':
    resolution: {integrity: sha512-Pv+Ho1uq2ny8g2P6JgQpaIUF1FHPL32DfOlZhKqmzDT3PydtFvZp/7zNyJE3BIXeTOOOG1Eg12hjZHMLsWxyNw==}
    cpu: [arm64]
    os: [darwin]

  '@oxlint/darwin-x64@1.12.0':
    resolution: {integrity: sha512-kNXPH/7jXjX4pawrEWXQHOasOdOsrYKhskA1qYwLYcv/COVSoxOSElkQtQa+KxN5zzt3F02kBdWDndLpgJLbLQ==}
    cpu: [x64]
    os: [darwin]

  '@oxlint/linux-arm64-gnu@1.12.0':
    resolution: {integrity: sha512-U7NETs02K55ZyDlgdhx4lWeFYbkUKcL+YcG+Ak70EyEt/BKIIVt4B84VdV1JzC71FErUipDYAwPJmxMREXr4Sg==}
    cpu: [arm64]
    os: [linux]

  '@oxlint/linux-arm64-musl@1.12.0':
    resolution: {integrity: sha512-e4Pb2eZu3V2BsiX4t4gyv9iJ8+KRT6bkoWM5uC9BLX7edsVchwLwL6LB2vPYusYdPPrxdjlFCg6ni+9wlw7FbQ==}
    cpu: [arm64]
    os: [linux]

  '@oxlint/linux-x64-gnu@1.12.0':
    resolution: {integrity: sha512-qJK98Dj/z7Nbm0xoz0nCCMFGy0W/kLewPzOK5QENxuUoQQ6ymt7/75rXOuTwAZJ6JFTarqfSuMAA0pka6Tmytw==}
    cpu: [x64]
    os: [linux]

  '@oxlint/linux-x64-musl@1.12.0':
    resolution: {integrity: sha512-jNeltpHc1eonSev/bWKipJ7FI6+Rc7EXh6Y7E0pm8e95sc1klFA29FFVs3FjMA6CCa+SRT0u0nnNTTAtf2QOiQ==}
    cpu: [x64]
    os: [linux]

  '@oxlint/win32-arm64@1.12.0':
    resolution: {integrity: sha512-T3fpNZJ3Q9YGgJTKc1YyvGoomSXnrV5mREz0QACE06zUzfS8EWyaYc/GN17FhHvQ4uQk/1xLgnM6FPsuLMeRhw==}
    cpu: [arm64]
    os: [win32]

  '@oxlint/win32-x64@1.12.0':
    resolution: {integrity: sha512-2eC4XQ1SMM2z7bCDG+Ifrn5GrvP6fkL0FGi4ZwDCrx6fwb1byFrXgSUNIPiqiiqBBrFRMKlXzU9zD6IjuFlUOg==}
    cpu: [x64]
    os: [win32]

  oxlint-tsgolint@0.0.4:
    resolution: {integrity: sha512-KFWVP+VU3ymgK/Dtuf6iRkqjo+aN42lS1YThY6JWlNi1GQqm7wtio/kAwssqDhm8kP+CVXbgZAtu1wgsK4XeTg==}
    hasBin: true

  oxlint@1.12.0:
    resolution: {integrity: sha512-tBQ9aB00aYLlGXE21WJHnKQAI8xoi2V6Eiz/WvGV7FwU9YLYuNOurEEVbfoS5u0ODX8GLvGWj1fdHh5Rb74Kkw==}
    engines: {node: '>=8.*'}
    hasBin: true

  prettier-plugin-astro@0.14.1:
    resolution: {integrity: sha512-RiBETaaP9veVstE4vUwSIcdATj6dKmXljouXc/DDNwBSPTp8FRkLGDSGFClKsAFeeg+13SB0Z1JZvbD76bigJw==}
    engines: {node: ^14.15.0 || >=16.0.0}

  prettier-plugin-tailwindcss@0.6.14:
    resolution: {integrity: sha512-pi2e/+ZygeIqntN+vC573BcW5Cve8zUB0SSAGxqpB4f96boZF4M3phPVoOFCeypwkpRYdi7+jQ5YJJUwrkGUAg==}
    engines: {node: '>=14.21.3'}
    peerDependencies:
      '@ianvs/prettier-plugin-sort-imports': '*'
      '@prettier/plugin-hermes': '*'
      '@prettier/plugin-oxc': '*'
      '@prettier/plugin-pug': '*'
      '@shopify/prettier-plugin-liquid': '*'
      '@trivago/prettier-plugin-sort-imports': '*'
      '@zackad/prettier-plugin-twig': '*'
      prettier: ^3.0
      prettier-plugin-astro: '*'
      prettier-plugin-css-order: '*'
      prettier-plugin-import-sort: '*'
      prettier-plugin-jsdoc: '*'
      prettier-plugin-marko: '*'
      prettier-plugin-multiline-arrays: '*'
      prettier-plugin-organize-attributes: '*'
      prettier-plugin-organize-imports: '*'
      prettier-plugin-sort-imports: '*'
      prettier-plugin-style-order: '*'
      prettier-plugin-svelte: '*'
    peerDependenciesMeta:
      '@ianvs/prettier-plugin-sort-imports':
        optional: true
      '@prettier/plugin-hermes':
        optional: true
      '@prettier/plugin-oxc':
        optional: true
      '@prettier/plugin-pug':
        optional: true
      '@shopify/prettier-plugin-liquid':
        optional: true
      '@trivago/prettier-plugin-sort-imports':
        optional: true
      '@zackad/prettier-plugin-twig':
        optional: true
      prettier-plugin-astro:
        optional: true
      prettier-plugin-css-order:
        optional: true
      prettier-plugin-import-sort:
        optional: true
      prettier-plugin-jsdoc:
        optional: true
      prettier-plugin-marko:
        optional: true
      prettier-plugin-multiline-arrays:
        optional: true
      prettier-plugin-organize-attributes:
        optional: true
      prettier-plugin-organize-imports:
        optional: true
      prettier-plugin-sort-imports:
        optional: true
      prettier-plugin-style-order:
        optional: true
      prettier-plugin-svelte:
        optional: true

  prettier@3.6.2:
    resolution: {integrity: sha512-I7AIg5boAr5R0FFtJ6rCfD+LFsWHp81dolrFD8S79U9tb8Az2nGrJncnMSnys+bpQJfRUzqs9hnA81OAA3hCuQ==}
    engines: {node: '>=14'}
    hasBin: true

  s.color@0.0.15:
    resolution: {integrity: sha512-AUNrbEUHeKY8XsYr/DYpl+qk5+aM+DChopnWOPEzn8YKzOhv4l2zH6LzZms3tOZP3wwdOyc0RmTciyi46HLIuA==}

  sass-formatter@0.7.9:
    resolution: {integrity: sha512-CWZ8XiSim+fJVG0cFLStwDvft1VI7uvXdCNJYXhDvowiv+DsbD1nXLiQ4zrE5UBvj5DWZJ93cwN0NX5PMsr1Pw==}

  suf-log@2.5.3:
    resolution: {integrity: sha512-KvC8OPjzdNOe+xQ4XWJV2whQA0aM1kGVczMQ8+dStAO6KfEB140JEVQ9dE76ONZ0/Ylf67ni4tILPJB41U0eow==}

snapshots:

  '@astrojs/compiler@2.12.2': {}

  '@oxlint-tsgolint/darwin-arm64@0.0.4':
    optional: true

  '@oxlint-tsgolint/darwin-x64@0.0.4':
    optional: true

  '@oxlint-tsgolint/linux-arm64@0.0.4':
    optional: true

  '@oxlint-tsgolint/linux-x64@0.0.4':
    optional: true

  '@oxlint-tsgolint/win32-arm64@0.0.4':
    optional: true

  '@oxlint-tsgolint/win32-x64@0.0.4':
    optional: true

  '@oxlint/darwin-arm64@1.12.0':
    optional: true

  '@oxlint/darwin-x64@1.12.0':
    optional: true

  '@oxlint/linux-arm64-gnu@1.12.0':
    optional: true

  '@oxlint/linux-arm64-musl@1.12.0':
    optional: true

  '@oxlint/linux-x64-gnu@1.12.0':
    optional: true

  '@oxlint/linux-x64-musl@1.12.0':
    optional: true

  '@oxlint/win32-arm64@1.12.0':
    optional: true

  '@oxlint/win32-x64@1.12.0':
    optional: true

  oxlint-tsgolint@0.0.4:
    optionalDependencies:
      '@oxlint-tsgolint/darwin-arm64': 0.0.4
      '@oxlint-tsgolint/darwin-x64': 0.0.4
      '@oxlint-tsgolint/linux-arm64': 0.0.4
      '@oxlint-tsgolint/linux-x64': 0.0.4
      '@oxlint-tsgolint/win32-arm64': 0.0.4
      '@oxlint-tsgolint/win32-x64': 0.0.4
    optional: true

  oxlint@1.12.0:
    optionalDependencies:
      '@oxlint/darwin-arm64': 1.12.0
      '@oxlint/darwin-x64': 1.12.0
      '@oxlint/linux-arm64-gnu': 1.12.0
      '@oxlint/linux-arm64-musl': 1.12.0
      '@oxlint/linux-x64-gnu': 1.12.0
      '@oxlint/linux-x64-musl': 1.12.0
      '@oxlint/win32-arm64': 1.12.0
      '@oxlint/win32-x64': 1.12.0
      oxlint-tsgolint: 0.0.4

  prettier-plugin-astro@0.14.1:
    dependencies:
      '@astrojs/compiler': 2.12.2
      prettier: 3.6.2
      sass-formatter: 0.7.9

  prettier-plugin-tailwindcss@0.6.14(prettier-plugin-astro@0.14.1)(prettier@3.6.2):
    dependencies:
      prettier: 3.6.2
    optionalDependencies:
      prettier-plugin-astro: 0.14.1

  prettier@3.6.2: {}

  s.color@0.0.15: {}

  sass-formatter@0.7.9:
    dependencies:
      suf-log: 2.5.3

  suf-log@2.5.3:
    dependencies:
      s.color: 0.0.15
